
Microsoft Visual Studio Solution File, Format Version 12.00
# Visual Studio Version 16
VisualStudioVersion = 16.0.30320.27
MinimumVisualStudioVersion = 10.0.40219.1
Project("{FAE04EC0-301F-11D3-BF4B-00C04F79EFBC}") = "WebApp", "WebApp\WebApp.csproj", "{C35233AA-8ADB-4F39-8BA3-B06429043324}"
EndProject
Project("{FAE04EC0-301F-11D3-BF4B-00C04F79EFBC}") = "WebApiProprietario", "WebApiProprietario\WebApiProprietario.csproj", "{DA6162EE-849C-4360-96F7-923C5C2FAA8E}"
EndProject
Project("{FAE04EC0-301F-11D3-BF4B-00C04F79EFBC}") = "WebApiCarro", "WebApiCarro\WebApiCarro.csproj", "{96D49C49-726D-4B78-B1B6-EC118C62E646}"
EndProject
Global
	GlobalSection(SolutionConfigurationPlatforms) = preSolution
		Debug|Any CPU = Debug|Any CPU
		Release|Any CPU = Release|Any CPU
	EndGlobalSection
	GlobalSection(ProjectConfigurationPlatforms) = postSolution
		{C35233AA-8ADB-4F39-8BA3-B06429043324}.Debug|Any CPU.ActiveCfg = Debug|Any CPU
		{C35233AA-8ADB-4F39-8BA3-B06429043324}.Debug|Any CPU.Build.0 = Debug|Any CPU
		{C35233AA-8ADB-4F39-8BA3-B06429043324}.Release|Any CPU.ActiveCfg = Release|Any CPU
		{C35233AA-8ADB-4F39-8BA3-B06429043324}.Release|Any CPU.Build.0 = Release|Any CPU
		{DA6162EE-849C-4360-96F7-923C5C2FAA8E}.Debug|Any CPU.ActiveCfg = Debug|Any CPU
		{DA6162EE-849C-4360-96F7-923C5C2FAA8E}.Debug|Any CPU.Build.0 = Debug|Any CPU
		{DA6162EE-849C-4360-96F7-923C5C2FAA8E}.Release|Any CPU.ActiveCfg = Release|Any CPU
		{DA6162EE-849C-4360-96F7-923C5C2FAA8E}.Release|Any CPU.Build.0 = Release|Any CPU
		{96D49C49-726D-4B78-B1B6-EC118C62E646}.Debug|Any CPU.ActiveCfg = Debug|Any CPU
		{96D49C49-726D-4B78-B1B6-EC118C62E646}.Debug|Any CPU.Build.0 = Debug|Any CPU
		{96D49C49-726D-4B78-B1B6-EC118C62E646}.Release|Any CPU.ActiveCfg = Release|Any CPU
		{96D49C49-726D-4B78-B1B6-EC118C62E646}.Release|Any CPU.Build.0 = Release|Any CPU
	EndGlobalSection
	GlobalSection(SolutionProperties) = preSolution
		HideSolutionNode = FALSE
	EndGlobalSection
	GlobalSection(ExtensibilityGlobals) = postSolution
		SolutionGuid = {5EF84A19-AE0F-4AC9-B679-D2507E6B0C5D}
	EndGlobalSection
EndGlobal
